{
  "name": "grivenza",
  "version": "1.0.0",
  "lockfileVersion": 3,
  "requires": true,
  "packages": {
    "": {
      "name": "grivenza",
      "version": "1.0.0",
      "license": "ISC",
      "dependencies": {
        "grapesjs": "^0.23.2",
        "grapesjs-component-countdown": "^1.0.2",
        "grapesjs-custom-code": "^1.0.2",
        "grapesjs-parser-postcss": "^1.0.3",
        "grapesjs-plugin-forms": "^2.0.6",
        "grapesjs-preset-webpage": "^1.0.3",
        "grapesjs-tabs": "^1.0.6",
        "grapesjs-tooltip": "^0.1.8",
        "grapesjs-touch": "^0.1.1"
      }
    },
    "node_modules/@types/backbone": {
      "version": "1.4.15",
      "resolved": "https://registry.npmjs.org/@types/backbone/-/backbone-1.4.15.tgz",
      "integrity": "sha512-WWeKtYlsIMtDyLbbhkb96taJMEbfQBnuz7yw1u0pkphCOtksemoWhIXhK74VRCY9hbjnsH3rsJu2uUiFtnsEYg==",
      "license": "MIT",
      "dependencies": {
        "@types/jquery": "*",
        "@types/underscore": "*"
      }
    },
    "node_modules/@types/jquery": {
      "version": "4.0.0",
      "resolved": "https://registry.npmjs.org/@types/jquery/-/jquery-4.0.0.tgz",
      "integrity": "sha512-Z+to+A2VkaHq1DfI2oSwsoCdhCHMpTSgjWzNcbNlRGYzksDBpPUgEcAL+RQjOBJRaLoEAOHXxqDGBVP+BblBwg==",
      "license": "MIT"
    },
    "node_modules/@types/underscore": {
      "version": "1.13.0",
      "resolved": "https://registry.npmjs.org/@types/underscore/-/underscore-1.13.0.tgz",
      "integrity": "sha512-L6LBgy1f0EFQZ+7uSA57+n2g/s4Qs5r06Vwrwn0/nuK1de+adz00NWaztRQ30aEqw5qOaWbPI8u2cGQ52lj6VA==",
      "license": "MIT"
    },
    "node_modules/backbone": {
      "version": "1.4.1",
      "resolved": "https://registry.npmjs.org/backbone/-/backbone-1.4.1.tgz",
      "integrity": "sha512-ADy1ztN074YkWbHi8ojJVFe3vAanO/lrzMGZWUClIP7oDD/Pjy2vrASraUP+2EVCfIiTtCW4FChVow01XneivA==",
      "license": "MIT",
      "dependencies": {
        "underscore": ">=1.8.3"
      }
    },
    "node_modules/backbone-undo": {
      "version": "0.2.6",
      "resolved": "https://registry.npmjs.org/backbone-undo/-/backbone-undo-0.2.6.tgz",
      "integrity": "sha512-AsfpNiljLXlk7TcffDUu3EAUq7CxWbyTNwARWrql5XTzN4vh6WzEEBZYaKK4kTTz+iW1tSzqUooaGRIwO83kWA==",
      "deprecated": "Package no longer supported. Contact Support at https://www.npmjs.com/support for more info.",
      "license": "MIT",
      "dependencies": {
        "backbone": ">=1.0.0",
        "underscore": ">=1.4.4"
      }
    },
    "node_modules/codemirror": {
      "version": "5.63.0",
      "resolved": "https://registry.npmjs.org/codemirror/-/codemirror-5.63.0.tgz",
      "integrity": "sha512-KlLWRPggDg2rBD1Mx7/EqEhaBdy+ybBCVh/efgjBDsPpMeEu6MbTAJzIT4TuCzvmbTEgvKOGzVT6wdBTNusqrg==",
      "license": "MIT"
    },
    "node_modules/codemirror-formatting": {
      "version": "1.0.0",
      "resolved": "https://registry.npmjs.org/codemirror-formatting/-/codemirror-formatting-1.0.0.tgz",
      "integrity": "sha512-br9yM6eJI3pJHekEnoyHaBEb1B7XxxDjju+vRyBe8QGLp5saTIXXkZ+eFCTqXSAtI8QEZDFVEX2/SOjH2sVWRQ==",
      "license": "MIT"
    },
    "node_modules/grapesjs": {
      "version": "0.23.2",
      "resolved": "https://registry.npmjs.org/grapesjs/-/grapesjs-0.23.2.tgz",
      "integrity": "sha512-Td2eitWTlrmVRmzrQ1oysY3vqPT0XRuKqYAAog84rKJrHoG7sGOXWwPlPsq0tPLgXYnmL3GPCRy4dYxWp18n4Q==",
      "license": "BSD-3-Clause",
      "dependencies": {
        "@types/backbone": "1.4.15",
        "backbone": "1.4.1",
        "backbone-undo": "0.2.6",
        "codemirror": "5.63.0",
        "codemirror-formatting": "1.0.0",
        "html-entities": "~1.4.0",
        "promise-polyfill": "8.3.0",
        "underscore": "1.13.8"
      }
    },
    "node_modules/grapesjs-component-countdown": {
      "version": "1.0.2",
      "resolved": "https://registry.npmjs.org/grapesjs-component-countdown/-/grapesjs-component-countdown-1.0.2.tgz",
      "integrity": "sha512-YEDlDY8AxUvNNHojDgOFv76jqDwo49LyFf9ES/Yrda1ou0ohQfoouxRXS+3RzDDN5NEBKkM1PggZlcbiIQfr8Q==",
      "license": "BSD-3-Clause"
    },
    "node_modules/grapesjs-custom-code": {
      "version": "1.0.2",
      "resolved": "https://registry.npmjs.org/grapesjs-custom-code/-/grapesjs-custom-code-1.0.2.tgz",
      "integrity": "sha512-B8IZQyB+HjLb9HkHzQ+RVHE5Q6zqX7Ry8b+kYk8Jh7vjmPawe+/kL0pXYxYQ2bSmdaUEuq8mLngiNY+l6EFEVQ==",
      "license": "BSD-3-Clause"
    },
    "node_modules/grapesjs-parser-postcss": {
      "version": "1.0.3",
      "resolved": "https://registry.npmjs.org/grapesjs-parser-postcss/-/grapesjs-parser-postcss-1.0.3.tgz",
      "integrity": "sha512-lfiNRDGdYQT259fUudYD0Z9EKB0DeS9GdCjVqGuJo28rv0WPAdGlpFnvlYgNGurX38ZjIi8qnbEuSSDl8AXFSw==",
      "license": "BSD-3-Clause"
    },
    "node_modules/grapesjs-plugin-forms": {
      "version": "2.0.6",
      "resolved": "https://registry.npmjs.org/grapesjs-plugin-forms/-/grapesjs-plugin-forms-2.0.6.tgz",
      "integrity": "sha512-4rDob01NLiJWas5JW1FCpQc/4R4oS4wc/qr7pQwjGUiDzHNPKZLix10FqUKEv7hnzPmBaR2ejBL87sMwz11Tlw==",
      "license": "BSD-3-Clause"
    },
    "node_modules/grapesjs-preset-webpage": {
      "version": "1.0.3",
      "resolved": "https://registry.npmjs.org/grapesjs-preset-webpage/-/grapesjs-preset-webpage-1.0.3.tgz",
      "integrity": "sha512-C0VOKLAdhv0j1f81c6F2uk3JpJvxgXl5DeHUtDa5qGf/HZzaCmQxsvd8Re3Oh5Cah4uUCqoi9uB5FYx3hLND2w==",
      "license": "BSD-3-Clause"
    },
    "node_modules/grapesjs-tabs": {
      "version": "1.0.6",
      "resolved": "https://registry.npmjs.org/grapesjs-tabs/-/grapesjs-tabs-1.0.6.tgz",
      "integrity": "sha512-Xmdte7jMvmGDHIL29t8jlGWL/oSmXOEgswmlKSaYKc7z4ZJEfF0Vr+YTfF6MZq/FFYjzk+0kOad6dnS3TDgZ5Q==",
      "license": "BSD-3-Clause"
    },
    "node_modules/grapesjs-tooltip": {
      "version": "0.1.8",
      "resolved": "https://registry.npmjs.org/grapesjs-tooltip/-/grapesjs-tooltip-0.1.8.tgz",
      "integrity": "sha512-8q8ck/Ri167fPCAtyXslyRQ88wWk3w6pXKEcd1va5hIy/YNierZQ7AbKkdmXwbd2mR65lJWRv8tjhFsEDE3ZoQ==",
      "license": "BSD-3-Clause"
    },
    "node_modules/grapesjs-touch": {
      "version": "0.1.1",
      "resolved": "https://registry.npmjs.org/grapesjs-touch/-/grapesjs-touch-0.1.1.tgz",
      "integrity": "sha512-rtuxdAhlfGW2XXYY3O04C2Q27X9dtB8P0jcA75rAP/TmwC0kaJKTKHihXAW0VVjx3M8IsC9RSxvhA1Q44QcjmA==",
      "license": "BSD-3-Clause"
    },
    "node_modules/html-entities": {
      "version": "1.4.0",
      "resolved": "https://registry.npmjs.org/html-entities/-/html-entities-1.4.0.tgz",
      "integrity": "sha512-8nxjcBcd8wovbeKx7h3wTji4e6+rhaVuPNpMqwWgnHh+N9ToqsCs6XztWRBPQ+UtzsoMAdKZtUENoVzU/EMtZA==",
      "license": "MIT"
    },
    "node_modules/promise-polyfill": {
      "version": "8.3.0",
      "resolved": "https://registry.npmjs.org/promise-polyfill/-/promise-polyfill-8.3.0.tgz",
      "integrity": "sha512-H5oELycFml5yto/atYqmjyigJoAo3+OXwolYiH7OfQuYlAqhxNvTfiNMbV9hsC6Yp83yE5r2KTVmtrG6R9i6Pg==",
      "license": "MIT"
    },
    "node_modules/underscore": {
      "version": "1.13.8",
      "resolved": "https://registry.npmjs.org/underscore/-/underscore-1.13.8.tgz",
      "integrity": "sha512-DXtD3ZtEQzc7M8m4cXotyHR+FAS18C64asBYY5vqZexfYryNNnDc02W4hKg3rdQuqOYas1jkseX0+nZXjTXnvQ==",
      "license": "MIT"
    }
  }
}